
Microsoft Visual Studio Solution File, Format Version 12.00
# Visual Studio 15
VisualStudioVersion = 15.0.27004.2002
MinimumVisualStudioVersion = 10.0.40219.1
Project("{FAE04EC0-301F-11D3-BF4B-00C04F79EFBC}") = "ProjectEuler", "ProjectEuler.csproj", "{ED1E6AF8-C134-49CE-895B-C1B993FF90ED}"
EndProject
Global
	GlobalSection(SolutionConfigurationPlatforms) = preSolution
		Debug|Any CPU = Debug|Any CPU
		Release|Any CPU = Release|Any CPU
	EndGlobalSection
	GlobalSection(ProjectConfigurationPlatforms) = postSolution
		{ED1E6AF8-C134-49CE-895B-C1B993FF90ED}.Debug|Any CPU.ActiveCfg = Debug|Any CPU
		{ED1E6AF8-C134-49CE-895B-C1B993FF90ED}.Debug|Any CPU.Build.0 = Debug|Any CPU
		{ED1E6AF8-C134-49CE-895B-C1B993FF90ED}.Release|Any CPU.ActiveCfg = Release|Any CPU
		{ED1E6AF8-C134-49CE-895B-C1B993FF90ED}.Release|Any CPU.Build.0 = Release|Any CPU
	EndGlobalSection
	GlobalSection(SolutionProperties) = preSolution
		HideSolutionNode = FALSE
	EndGlobalSection
	GlobalSection(ExtensibilityGlobals) = postSolution
		SolutionGuid = {DDC69C8A-F79A-4623-B2EF-BD88887CEC5C}
	EndGlobalSection
EndGlobal
